
Microsoft Visual Studio Solution File, Format Version 12.00
# Visual Studio Version 17
VisualStudioVersion = 17.7.34221.43
MinimumVisualStudioVersion = 10.0.40219.1
Project("{FAE04EC0-301F-11D3-BF4B-00C04F79EFBC}") = "SmartHomeUser", "SmartHomeUser\SmartHomeUser.csproj", "{A78FD034-3A55-4502-9CC0-B48B9FA4ACA1}"
EndProject
Global
	GlobalSection(SolutionConfigurationPlatforms) = preSolution
		Debug|Any CPU = Debug|Any CPU
		Release|Any CPU = Release|Any CPU
	EndGlobalSection
	GlobalSection(ProjectConfigurationPlatforms) = postSolution
		{A78FD034-3A55-4502-9CC0-B48B9FA4ACA1}.Debug|Any CPU.ActiveCfg = Debug|Any CPU
		{A78FD034-3A55-4502-9CC0-B48B9FA4ACA1}.Debug|Any CPU.Build.0 = Debug|Any CPU
		{A78FD034-3A55-4502-9CC0-B48B9FA4ACA1}.Release|Any CPU.ActiveCfg = Release|Any CPU
		{A78FD034-3A55-4502-9CC0-B48B9FA4ACA1}.Release|Any CPU.Build.0 = Release|Any CPU
	EndGlobalSection
	GlobalSection(SolutionProperties) = preSolution
		HideSolutionNode = FALSE
	EndGlobalSection
	GlobalSection(ExtensibilityGlobals) = postSolution
		SolutionGuid = {4910ED03-F454-4A74-95D3-F79B0A4C61CF}
	EndGlobalSection
EndGlobal
